// !$*UTF8*$!
{
	archiveVersion = 1;
	classes = {
	};
	objectVersion = 46;
	objects = {

/* Begin PBXBuildFile section */
		35542C9C1963951C003F85EA /* Foundation.framework in Frameworks */ = {isa = PBXBuildFile; fileRef = 35542C9B1963951C003F85EA /* Foundation.framework */; };
		35542C9E1963951C003F85EA /* CoreGraphics.framework in Frameworks */ = {isa = PBXBuildFile; fileRef = 35542C9D1963951C003F85EA /* CoreGraphics.framework */; };
		35542CA01963951C003F85EA /* UIKit.framework in Frameworks */ = {isa = PBXBuildFile; fileRef = 35542C9F1963951C003F85EA /* UIKit.framework */; };
		35542CA61963951C003F85EA /* InfoPlist.strings in Resources */ = {isa = PBXBuildFile; fileRef = 35542CA41963951C003F85EA /* InfoPlist.strings */; };
		35542CA81963951C003F85EA /* main.m in Sources */ = {isa = PBXBuildFile; fileRef = 35542CA71963951C003F85EA /* main.m */; };
		35542CAC1963951C003F85EA /* AppDelegate.m in Sources */ = {isa = PBXBuildFile; fileRef = 35542CAB1963951C003F85EA /* AppDelegate.m */; };
		35542CAE1963951C003F85EA /* Images.xcassets in Resources */ = {isa = PBXBuildFile; fileRef = 35542CAD1963951C003F85EA /* Images.xcassets */; };
		35542CB51963951C003F85EA /* XCTest.framework in Frameworks */ = {isa = PBXBuildFile; fileRef = 35542CB41963951C003F85EA /* XCTest.framework */; };
		35542CB61963951C003F85EA /* Foundation.framework in Frameworks */ = {isa = PBXBuildFile; fileRef = 35542C9B1963951C003F85EA /* Foundation.framework */; };
		35542CB71963951C003F85EA /* UIKit.framework in Frameworks */ = {isa = PBXBuildFile; fileRef = 35542C9F1963951C003F85EA /* UIKit.framework */; };
		35542CBF1963951C003F85EA /* InfoPlist.strings in Resources */ = {isa = PBXBuildFile; fileRef = 35542CBD1963951C003F85EA /* InfoPlist.strings */; };
		35542CC11963951C003F85EA /* WaldenTests.m in Sources */ = {isa = PBXBuildFile; fileRef = 35542CC01963951C003F85EA /* WaldenTests.m */; };
		35542CCD1963952D003F85EA /* ComposerViewController.m in Sources */ = {isa = PBXBuildFile; fileRef = 35542CCB1963952D003F85EA /* ComposerViewController.m */; };
		35542CCE1963952D003F85EA /* ComposerViewController.xib in Resources */ = {isa = PBXBuildFile; fileRef = 35542CCC1963952D003F85EA /* ComposerViewController.xib */; };
		35A23353196E384A004E777B /* SavedViewController.m in Sources */ = {isa = PBXBuildFile; fileRef = 35A23351196E384A004E777B /* SavedViewController.m */; };
		35A23354196E384A004E777B /* SavedViewController.xib in Resources */ = {isa = PBXBuildFile; fileRef = 35A23352196E384A004E777B /* SavedViewController.xib */; };
/* End PBXBuildFile section */

/* Begin PBXContainerItemProxy section */
		35542CB81963951C003F85EA /* PBXContainerItemProxy */ = {
			isa = PBXContainerItemProxy;
			containerPortal = 35542C901963951B003F85EA /* Project object */;
			proxyType = 1;
			remoteGlobalIDString = 35542C971963951B003F85EA;
			remoteInfo = Walden;
		};
/* End PBXContainerItemProxy section */

/* Begin PBXFileReference section */
		35542C981963951B003F85EA /* Walden.app */ = {isa = PBXFileReference; explicitFileType = wrapper.application; includeInIndex = 0; path = Walden.app; sourceTree = BUILT_PRODUCTS_DIR; };
		35542C9B1963951C003F85EA /* Foundation.framework */ = {isa = PBXFileReference; lastKnownFileType = wrapper.framework; name = Foundation.framework; path = System/Library/Frameworks/Foundation.framework; sourceTree = SDKROOT; };
		35542C9D1963951C003F85EA /* CoreGraphics.framework */ = {isa = PBXFileReference; lastKnownFileType = wrapper.framework; name = CoreGraphics.framework; path = System/Library/Frameworks/CoreGraphics.framework; sourceTree = SDKROOT; };
		35542C9F1963951C003F85EA /* UIKit.framework */ = {isa = PBXFileReference; lastKnownFileType = wrapper.framework; name = UIKit.framework; path = System/Library/Frameworks/UIKit.framework; sourceTree = SDKROOT; };
		35542CA31963951C003F85EA /* Walden-Info.plist */ = {isa = PBXFileReference; lastKnownFileType = text.plist.xml; path = "Walden-Info.plist"; sourceTree = "<group>"; };
		35542CA51963951C003F85EA /* en */ = {isa = PBXFileReference; lastKnownFileType = text.plist.strings; name = en; path = en.lproj/InfoPlist.strings; sourceTree = "<group>"; };
		35542CA71963951C003F85EA /* main.m */ = {isa = PBXFileReference; lastKnownFileType = sourcecode.c.objc; path = main.m; sourceTree = "<group>"; };
		35542CA91963951C003F85EA /* Walden-Prefix.pch */ = {isa = PBXFileReference; lastKnownFileType = sourcecode.c.h; path = "Walden-Prefix.pch"; sourceTree = "<group>"; };
		35542CAA1963951C003F85EA /* AppDelegate.h */ = {isa = PBXFileReference; lastKnownFileType = sourcecode.c.h; path = AppDelegate.h; sourceTree = "<group>"; };
		35542CAB1963951C003F85EA /* AppDelegate.m */ = {isa = PBXFileReference; lastKnownFileType = sourcecode.c.objc; path = AppDelegate.m; sourceTree = "<group>"; };
		35542CAD1963951C003F85EA /* Images.xcassets */ = {isa = PBXFileReference; lastKnownFileType = folder.assetcatalog; path = Images.xcassets; sourceTree = "<group>"; };
		35542CB31963951C003F85EA /* WaldenTests.xctest */ = {isa = PBXFileReference; explicitFileType = wrapper.cfbundle; includeInIndex = 0; path = WaldenTests.xctest; sourceTree = BUILT_PRODUCTS_DIR; };
		35542CB41963951C003F85EA /* XCTest.framework */ = {isa = PBXFileReference; lastKnownFileType = wrapper.framework; name = XCTest.framework; path = Library/Frameworks/XCTest.framework; sourceTree = DEVELOPER_DIR; };
		35542CBC1963951C003F85EA /* WaldenTests-Info.plist */ = {isa = PBXFileReference; lastKnownFileType = text.plist.xml; path = "WaldenTests-Info.plist"; sourceTree = "<group>"; };
		35542CBE1963951C003F85EA /* en */ = {isa = PBXFileReference; lastKnownFileType = text.plist.strings; name = en; path = en.lproj/InfoPlist.strings; sourceTree = "<group>"; };
		35542CC01963951C003F85EA /* WaldenTests.m */ = {isa = PBXFileReference; lastKnownFileType = sourcecode.c.objc; path = WaldenTests.m; sourceTree = "<group>"; };
		35542CCA1963952D003F85EA /* ComposerViewController.h */ = {isa = PBXFileReference; fileEncoding = 4; lastKnownFileType = sourcecode.c.h; path = ComposerViewController.h; sourceTree = "<group>"; };
		35542CCB1963952D003F85EA /* ComposerViewController.m */ = {isa = PBXFileReference; fileEncoding = 4; lastKnownFileType = sourcecode.c.objc; path = ComposerViewController.m; sourceTree = "<group>"; };
		35542CCC1963952D003F85EA /* ComposerViewController.xib */ = {isa = PBXFileReference; fileEncoding = 4; lastKnownFileType = file.xib; path = ComposerViewController.xib; sourceTree = "<group>"; };
		35A23350196E384A004E777B /* SavedViewController.h */ = {isa = PBXFileReference; fileEncoding = 4; lastKnownFileType = sourcecode.c.h; path = SavedViewController.h; sourceTree = "<group>"; };
		35A23351196E384A004E777B /* SavedViewController.m */ = {isa = PBXFileReference; fileEncoding = 4; lastKnownFileType = sourcecode.c.objc; path = SavedViewController.m; sourceTree = "<group>"; };
		35A23352196E384A004E777B /* SavedViewController.xib */ = {isa = PBXFileReference; fileEncoding = 4; lastKnownFileType = file.xib; path = SavedViewController.xib; sourceTree = "<group>"; };
/* End PBXFileReference section */

/* Begin PBXFrameworksBuildPhase section */
		35542C951963951B003F85EA /* Frameworks */ = {
			isa = PBXFrameworksBuildPhase;
			buildActionMask = 2147483647;
			files = (
				35542C9E1963951C003F85EA /* CoreGraphics.framework in Frameworks */,
				35542CA01963951C003F85EA /* UIKit.framework in Frameworks */,
				35542C9C1963951C003F85EA /* Foundation.framework in Frameworks */,
			);
			runOnlyForDeploymentPostprocessing = 0;
		};
		35542CB01963951C003F85EA /* Frameworks */ = {
			isa = PBXFrameworksBuildPhase;
			buildActionMask = 2147483647;
			files = (
				35542CB51963951C003F85EA /* XCTest.framework in Frameworks */,
				35542CB71963951C003F85EA /* UIKit.framework in Frameworks */,
				35542CB61963951C003F85EA /* Foundation.framework in Frameworks */,
			);
			runOnlyForDeploymentPostprocessing = 0;
		};
/* End PBXFrameworksBuildPhase section */

/* Begin PBXGroup section */
		35542C8F1963951B003F85EA = {
			isa = PBXGroup;
			children = (
				35542CA11963951C003F85EA /* Walden */,
				35542CBA1963951C003F85EA /* WaldenTests */,
				35542C9A1963951C003F85EA /* Frameworks */,
				35542C991963951B003F85EA /* Products */,
			);
			sourceTree = "<group>";
		};
		35542C991963951B003F85EA /* Products */ = {
			isa = PBXGroup;
			children = (
				35542C981963951B003F85EA /* Walden.app */,
				35542CB31963951C003F85EA /* WaldenTests.xctest */,
			);
			name = Products;
			sourceTree = "<group>";
		};
		35542C9A1963951C003F85EA /* Frameworks */ = {
			isa = PBXGroup;
			children = (
				35542C9B1963951C003F85EA /* Foundation.framework */,
				35542C9D1963951C003F85EA /* CoreGraphics.framework */,
				35542C9F1963951C003F85EA /* UIKit.framework */,
				35542CB41963951C003F85EA /* XCTest.framework */,
			);
			name = Frameworks;
			sourceTree = "<group>";
		};
		35542CA11963951C003F85EA /* Walden */ = {
			isa = PBXGroup;
			children = (
				35542CAA1963951C003F85EA /* AppDelegate.h */,
				35542CAB1963951C003F85EA /* AppDelegate.m */,
				35542CAD1963951C003F85EA /* Images.xcassets */,
				35542CA21963951C003F85EA /* Supporting Files */,
				35542CCA1963952D003F85EA /* ComposerViewController.h */,
				35542CCB1963952D003F85EA /* ComposerViewController.m */,
				35542CCC1963952D003F85EA /* ComposerViewController.xib */,
				35A23350196E384A004E777B /* SavedViewController.h */,
				35A23351196E384A004E777B /* SavedViewController.m */,
				35A23352196E384A004E777B /* SavedViewController.xib */,
			);
			path = Walden;
			sourceTree = "<group>";
		};
		35542CA21963951C003F85EA /* Supporting Files */ = {
			isa = PBXGroup;
			children = (
				35542CA31963951C003F85EA /* Walden-Info.plist */,
				35542CA41963951C003F85EA /* InfoPlist.strings */,
				35542CA71963951C003F85EA /* main.m */,
				35542CA91963951C003F85EA /* Walden-Prefix.pch */,
			);
			name = "Supporting Files";
			sourceTree = "<group>";
		};
		35542CBA1963951C003F85EA /* WaldenTests */ = {
			isa = PBXGroup;
			children = (
				35542CC01963951C003F85EA /* WaldenTests.m */,
				35542CBB1963951C003F85EA /* Supporting Files */,
			);
			path = WaldenTests;
			sourceTree = "<group>";
		};
		35542CBB1963951C003F85EA /* Supporting Files */ = {
			isa = PBXGroup;
			children = (
				35542CBC1963951C003F85EA /* WaldenTests-Info.plist */,
				35542CBD1963951C003F85EA /* InfoPlist.strings */,
			);
			name = "Supporting Files";
			sourceTree = "<group>";
		};
/* End PBXGroup section */

/* Begin PBXNativeTarget section */
		35542C971963951B003F85EA /* Walden */ = {
			isa = PBXNativeTarget;
			buildConfigurationList = 35542CC41963951C003F85EA /* Build configuration list for PBXNativeTarget "Walden" */;
			buildPhases = (
				35542C941963951B003F85EA /* Sources */,
				35542C951963951B003F85EA /* Frameworks */,
				35542C961963951B003F85EA /* Resources */,
			);
			buildRules = (
			);
			dependencies = (
			);
			name = Walden;
			productName = Walden;
			productReference = 35542C981963951B003F85EA /* Walden.app */;
			productType = "com.apple.product-type.application";
		};
		35542CB21963951C003F85EA /* WaldenTests */ = {
			isa = PBXNativeTarget;
			buildConfigurationList = 35542CC71963951C003F85EA /* Build configuration list for PBXNativeTarget "WaldenTests" */;
			buildPhases = (
				35542CAF1963951C003F85EA /* Sources */,
				35542CB01963951C003F85EA /* Frameworks */,
				35542CB11963951C003F85EA /* Resources */,
			);
			buildRules = (
			);
			dependencies = (
				35542CB91963951C003F85EA /* PBXTargetDependency */,
			);
			name = WaldenTests;
			productName = WaldenTests;
			productReference = 35542CB31963951C003F85EA /* WaldenTests.xctest */;
			productType = "com.apple.product-type.bundle.unit-test";
		};
/* End PBXNativeTarget section */

/* Begin PBXProject section */
		35542C901963951B003F85EA /* Project object */ = {
			isa = PBXProject;
			attributes = {
				LastUpgradeCheck = 0510;
				ORGANIZATIONNAME = kristinatastic;
				TargetAttributes = {
					35542CB21963951C003F85EA = {
						TestTargetID = 35542C971963951B003F85EA;
					};
				};
			};
			buildConfigurationList = 35542C931963951B003F85EA /* Build configuration list for PBXProject "Walden" */;
			compatibilityVersion = "Xcode 3.2";
			developmentRegion = English;
			hasScannedForEncodings = 0;
			knownRegions = (
				en,
			);
			mainGroup = 35542C8F1963951B003F85EA;
			productRefGroup = 35542C991963951B003F85EA /* Products */;
			projectDirPath = "";
			projectRoot = "";
			targets = (
				35542C971963951B003F85EA /* Walden */,
				35542CB21963951C003F85EA /* WaldenTests */,
			);
		};
/* End PBXProject section */

/* Begin PBXResourcesBuildPhase section */
		35542C961963951B003F85EA /* Resources */ = {
			isa = PBXResourcesBuildPhase;
			buildActionMask = 2147483647;
			files = (
				35542CCE1963952D003F85EA /* ComposerViewController.xib in Resources */,
				35542CA61963951C003F85EA /* InfoPlist.strings in Resources */,
				35A23354196E384A004E777B /* SavedViewController.xib in Resources */,
				35542CAE1963951C003F85EA /* Images.xcassets in Resources */,
			);
			runOnlyForDeploymentPostprocessing = 0;
		};
		35542CB11963951C003F85EA /* Resources */ = {
			isa = PBXResourcesBuildPhase;
			buildActionMask = 2147483647;
			files = (
				35542CBF1963951C003F85EA /* InfoPlist.strings in Resources */,
			);
			runOnlyForDeploymentPostprocessing = 0;
		};
/* End PBXResourcesBuildPhase section */

/* Begin PBXSourcesBuildPhase section */
		35542C941963951B003F85EA /* Sources */ = {
			isa = PBXSourcesBuildPhase;
			buildActionMask = 2147483647;
			files = (
				35542CAC1963951C003F85EA /* AppDelegate.m in Sources */,
				35542CA81963951C003F85EA /* main.m in Sources */,
				35A23353196E384A004E777B /* SavedViewController.m in Sources */,
				35542CCD1963952D003F85EA /* ComposerViewController.m in Sources */,
			);
			runOnlyForDeploymentPostprocessing = 0;
		};
		35542CAF1963951C003F85EA /* Sources */ = {
			isa = PBXSourcesBuildPhase;
			buildActionMask = 2147483647;
			files = (
				35542CC11963951C003F85EA /* WaldenTests.m in Sources */,
			);
			runOnlyForDeploymentPostprocessing = 0;
		};
/* End PBXSourcesBuildPhase section */

/* Begin PBXTargetDependency section */
		35542CB91963951C003F85EA /* PBXTargetDependency */ = {
			isa = PBXTargetDependency;
			target = 35542C971963951B003F85EA /* Walden */;
			targetProxy = 35542CB81963951C003F85EA /* PBXContainerItemProxy */;
		};
/* End PBXTargetDependency section */

/* Begin PBXVariantGroup section */
		35542CA41963951C003F85EA /* InfoPlist.strings */ = {
			isa = PBXVariantGroup;
			children = (
				35542CA51963951C003F85EA /* en */,
			);
			name = InfoPlist.strings;
			sourceTree = "<group>";
		};
		35542CBD1963951C003F85EA /* InfoPlist.strings */ = {
			isa = PBXVariantGroup;
			children = (
				35542CBE1963951C003F85EA /* en */,
			);
			name = InfoPlist.strings;
			sourceTree = "<group>";
		};
/* End PBXVariantGroup section */

/* Begin XCBuildConfiguration section */
		35542CC21963951C003F85EA /* Debug */ = {
			isa = XCBuildConfiguration;
			buildSettings = {
				ALWAYS_SEARCH_USER_PATHS = NO;
				CLANG_CXX_LANGUAGE_STANDARD = "gnu++0x";
				CLANG_CXX_LIBRARY = "libc++";
				CLANG_ENABLE_MODULES = YES;
				CLANG_ENABLE_OBJC_ARC = YES;
				CLANG_WARN_BOOL_CONVERSION = YES;
				CLANG_WARN_CONSTANT_CONVERSION = YES;
				CLANG_WARN_DIRECT_OBJC_ISA_USAGE = YES_ERROR;
				CLANG_WARN_EMPTY_BODY = YES;
				CLANG_WARN_ENUM_CONVERSION = YES;
				CLANG_WARN_INT_CONVERSION = YES;
				CLANG_WARN_OBJC_ROOT_CLASS = YES_ERROR;
				CLANG_WARN__DUPLICATE_METHOD_MATCH = YES;
				"CODE_SIGN_IDENTITY[sdk=iphoneos*]" = "iPhone Developer";
				COPY_PHASE_STRIP = NO;
				GCC_C_LANGUAGE_STANDARD = gnu99;
				GCC_DYNAMIC_NO_PIC = NO;
				GCC_OPTIMIZATION_LEVEL = 0;
				GCC_PREPROCESSOR_DEFINITIONS = (
					"DEBUG=1",
					"$(inherited)",
				);
				GCC_SYMBOLS_PRIVATE_EXTERN = NO;
				GCC_WARN_64_TO_32_BIT_CONVERSION = YES;
				GCC_WARN_ABOUT_RETURN_TYPE = YES_ERROR;
				GCC_WARN_UNDECLARED_SELECTOR = YES;
				GCC_WARN_UNINITIALIZED_AUTOS = YES_AGGRESSIVE;
				GCC_WARN_UNUSED_FUNCTION = YES;
				GCC_WARN_UNUSED_VARIABLE = YES;
				IPHONEOS_DEPLOYMENT_TARGET = 7.1;
				ONLY_ACTIVE_ARCH = YES;
				SDKROOT = iphoneos;
				TARGETED_DEVICE_FAMILY = "1,2";
			};
			name = Debug;
		};
		35542CC31963951C003F85EA /* Release */ = {
			isa = XCBuildConfiguration;
			buildSettings = {
				ALWAYS_SEARCH_USER_PATHS = NO;
				CLANG_CXX_LANGUAGE_STANDARD = "gnu++0x";
				CLANG_CXX_LIBRARY = "libc++";
				CLANG_ENABLE_MODULES = YES;
				CLANG_ENABLE_OBJC_ARC = YES;
				CLANG_WARN_BOOL_CONVERSION = YES;
				CLANG_WARN_CONSTANT_CONVERSION = YES;
				CLANG_WARN_DIRECT_OBJC_ISA_USAGE = YES_ERROR;
				CLANG_WARN_EMPTY_BODY = YES;
				CLANG_WARN_ENUM_CONVERSION = YES;
				CLANG_WARN_INT_CONVERSION = YES;
				CLANG_WARN_OBJC_ROOT_CLASS = YES_ERROR;
				CLANG_WARN__DUPLICATE_METHOD_MATCH = YES;
				"CODE_SIGN_IDENTITY[sdk=iphoneos*]" = "iPhone Developer";
				COPY_PHASE_STRIP = YES;
				ENABLE_NS_ASSERTIONS = NO;
				GCC_C_LANGUAGE_STANDARD = gnu99;
				GCC_WARN_64_TO_32_BIT_CONVERSION = YES;
				GCC_WARN_ABOUT_RETURN_TYPE = YES_ERROR;
				GCC_WARN_UNDECLARED_SELECTOR = YES;
				GCC_WARN_UNINITIALIZED_AUTOS = YES_AGGRESSIVE;
				GCC_WARN_UNUSED_FUNCTION = YES;
				GCC_WARN_UNUSED_VARIABLE = YES;
				IPHONEOS_DEPLOYMENT_TARGET = 7.1;
				SDKROOT = iphoneos;
				TARGETED_DEVICE_FAMILY = "1,2";
				VALIDATE_PRODUCT = YES;
			};
			name = Release;
		};
		35542CC51963951C003F85EA /* Debug */ = {
			isa = XCBuildConfiguration;
			buildSettings = {
				ASSETCATALOG_COMPILER_APPICON_NAME = AppIcon;
				ASSETCATALOG_COMPILER_LAUNCHIMAGE_NAME = LaunchImage;
				GCC_PRECOMPILE_PREFIX_HEADER = YES;
				GCC_PREFIX_HEADER = "Walden/Walden-Prefix.pch";
				INFOPLIST_FILE = "Walden/Walden-Info.plist";
				PRODUCT_NAME = "$(TARGET_NAME)";
				WRAPPER_EXTENSION = app;
			};
			name = Debug;
		};
		35542CC61963951C003F85EA /* Release */ = {
			isa = XCBuildConfiguration;
			buildSettings = {
				ASSETCATALOG_COMPILER_APPICON_NAME = AppIcon;
				ASSETCATALOG_COMPILER_LAUNCHIMAGE_NAME = LaunchImage;
				GCC_PRECOMPILE_PREFIX_HEADER = YES;
				GCC_PREFIX_HEADER = "Walden/Walden-Prefix.pch";
				INFOPLIST_FILE = "Walden/Walden-Info.plist";
				PRODUCT_NAME = "$(TARGET_NAME)";
				WRAPPER_EXTENSION = app;
			};
			name = Release;
		};
		35542CC81963951C003F85EA /* Debug */ = {
			isa = XCBuildConfiguration;
			buildSettings = {
				BUNDLE_LOADER = "$(BUILT_PRODUCTS_DIR)/Walden.app/Walden";
				FRAMEWORK_SEARCH_PATHS = (
					"$(SDKROOT)/Developer/Library/Frameworks",
					"$(inherited)",
					"$(DEVELOPER_FRAMEWORKS_DIR)",
				);
				GCC_PRECOMPILE_PREFIX_HEADER = YES;
				GCC_PREFIX_HEADER = "Walden/Walden-Prefix.pch";
				GCC_PREPROCESSOR_DEFINITIONS = (
					"DEBUG=1",
					"$(inherited)",
				);
				INFOPLIST_FILE = "WaldenTests/WaldenTests-Info.plist";
				PRODUCT_NAME = "$(TARGET_NAME)";
				TEST_HOST = "$(BUNDLE_LOADER)";
				WRAPPER_EXTENSION = xctest;
			};
			name = Debug;
		};
		35542CC91963951C003F85EA /* Release */ = {
			isa = XCBuildConfiguration;
			buildSettings = {
				BUNDLE_LOADER = "$(BUILT_PRODUCTS_DIR)/Walden.app/Walden";
				FRAMEWORK_SEARCH_PATHS = (
					"$(SDKROOT)/Developer/Library/Frameworks",
					"$(inherited)",
					"$(DEVELOPER_FRAMEWORKS_DIR)",
				);
				GCC_PRECOMPILE_PREFIX_HEADER = YES;
				GCC_PREFIX_HEADER = "Walden/Walden-Prefix.pch";
				INFOPLIST_FILE = "WaldenTests/WaldenTests-Info.plist";
				PRODUCT_NAME = "$(TARGET_NAME)";
				TEST_HOST = "$(BUNDLE_LOADER)";
				WRAPPER_EXTENSION = xctest;
			};
			name = Release;
		};
/* End XCBuildConfiguration section */

/* Begin XCConfigurationList section */
		35542C931963951B003F85EA /* Build configuration list for PBXProject "Walden" */ = {
			isa = XCConfigurationList;
			buildConfigurations = (
				35542CC21963951C003F85EA /* Debug */,
				35542CC31963951C003F85EA /* Release */,
			);
			defaultConfigurationIsVisible = 0;
			defaultConfigurationName = Release;
		};
		35542CC41963951C003F85EA /* Build configuration list for PBXNativeTarget "Walden" */ = {
			isa = XCConfigurationList;
			buildConfigurations = (
				35542CC51963951C003F85EA /* Debug */,
				35542CC61963951C003F85EA /* Release */,
			);
			defaultConfigurationIsVisible = 0;
			defaultConfigurationName = Release;
		};
		35542CC71963951C003F85EA /* Build configuration list for PBXNativeTarget "WaldenTests" */ = {
			isa = XCConfigurationList;
			buildConfigurations = (
				35542CC81963951C003F85EA /* Debug */,
				35542CC91963951C003F85EA /* Release */,
			);
			defaultConfigurationIsVisible = 0;
			defaultConfigurationName = Release;
		};
/* End XCConfigurationList section */
	};
	rootObject = 35542C901963951B003F85EA /* Project object */;
}
